// !$*UTF8*$!
{
	archiveVersion = 1;
	classes = {
	};
	objectVersion = 46;
	objects = {

/* Begin PBXBuildFile section */
		87A87FE91B33D29C00F4C0FE /* main.m in Sources */ = {isa = PBXBuildFile; fileRef = 87A87FE81B33D29C00F4C0FE /* main.m */; };
		87A87FEC1B33D29C00F4C0FE /* AppDelegate.m in Sources */ = {isa = PBXBuildFile; fileRef = 87A87FEB1B33D29C00F4C0FE /* AppDelegate.m */; };
		87A87FEF1B33D29C00F4C0FE /* ViewController.m in Sources */ = {isa = PBXBuildFile; fileRef = 87A87FEE1B33D29C00F4C0FE /* ViewController.m */; };
		87A87FF21B33D29C00F4C0FE /* Main.storyboard in Resources */ = {isa = PBXBuildFile; fileRef = 87A87FF01B33D29C00F4C0FE /* Main.storyboard */; };
		87A87FF41B33D29C00F4C0FE /* Images.xcassets in Resources */ = {isa = PBXBuildFile; fileRef = 87A87FF31B33D29C00F4C0FE /* Images.xcassets */; };
		87A87FF71B33D29C00F4C0FE /* LaunchScreen.xib in Resources */ = {isa = PBXBuildFile; fileRef = 87A87FF51B33D29C00F4C0FE /* LaunchScreen.xib */; };
		87A880031B33D29C00F4C0FE /* CalenderTestTests.m in Sources */ = {isa = PBXBuildFile; fileRef = 87A880021B33D29C00F4C0FE /* CalenderTestTests.m */; };
/* End PBXBuildFile section */

/* Begin PBXContainerItemProxy section */
		87A87FFD1B33D29C00F4C0FE /* PBXContainerItemProxy */ = {
			isa = PBXContainerItemProxy;
			containerPortal = 87A87FDB1B33D29C00F4C0FE /* Project object */;
			proxyType = 1;
			remoteGlobalIDString = 87A87FE21B33D29C00F4C0FE;
			remoteInfo = CalenderTest;
		};
/* End PBXContainerItemProxy section */

/* Begin PBXFileReference section */
		87A87FE31B33D29C00F4C0FE /* CalenderTest.app */ = {isa = PBXFileReference; explicitFileType = wrapper.application; includeInIndex = 0; path = CalenderTest.app; sourceTree = BUILT_PRODUCTS_DIR; };
		87A87FE71B33D29C00F4C0FE /* Info.plist */ = {isa = PBXFileReference; lastKnownFileType = text.plist.xml; path = Info.plist; sourceTree = "<group>"; };
		87A87FE81B33D29C00F4C0FE /* main.m */ = {isa = PBXFileReference; lastKnownFileType = sourcecode.c.objc; path = main.m; sourceTree = "<group>"; };
		87A87FEA1B33D29C00F4C0FE /* AppDelegate.h */ = {isa = PBXFileReference; lastKnownFileType = sourcecode.c.h; path = AppDelegate.h; sourceTree = "<group>"; };
		87A87FEB1B33D29C00F4C0FE /* AppDelegate.m */ = {isa = PBXFileReference; lastKnownFileType = sourcecode.c.objc; path = AppDelegate.m; sourceTree = "<group>"; };
		87A87FED1B33D29C00F4C0FE /* ViewController.h */ = {isa = PBXFileReference; lastKnownFileType = sourcecode.c.h; path = ViewController.h; sourceTree = "<group>"; };
		87A87FEE1B33D29C00F4C0FE /* ViewController.m */ = {isa = PBXFileReference; lastKnownFileType = sourcecode.c.objc; path = ViewController.m; sourceTree = "<group>"; };
		87A87FF11B33D29C00F4C0FE /* Base */ = {isa = PBXFileReference; lastKnownFileType = file.storyboard; name = Base; path = Base.lproj/Main.storyboard; sourceTree = "<group>"; };
		87A87FF31B33D29C00F4C0FE /* Images.xcassets */ = {isa = PBXFileReference; lastKnownFileType = folder.assetcatalog; path = Images.xcassets; sourceTree = "<group>"; };
		87A87FF61B33D29C00F4C0FE /* Base */ = {isa = PBXFileReference; lastKnownFileType = file.xib; name = Base; path = Base.lproj/LaunchScreen.xib; sourceTree = "<group>"; };
		87A87FFC1B33D29C00F4C0FE /* CalenderTestTests.xctest */ = {isa = PBXFileReference; explicitFileType = wrapper.cfbundle; includeInIndex = 0; path = CalenderTestTests.xctest; sourceTree = BUILT_PRODUCTS_DIR; };
		87A880011B33D29C00F4C0FE /* Info.plist */ = {isa = PBXFileReference; lastKnownFileType = text.plist.xml; path = Info.plist; sourceTree = "<group>"; };
		87A880021B33D29C00F4C0FE /* CalenderTestTests.m */ = {isa = PBXFileReference; lastKnownFileType = sourcecode.c.objc; path = CalenderTestTests.m; sourceTree = "<group>"; };
/* End PBXFileReference section */

/* Begin PBXFrameworksBuildPhase section */
		87A87FE01B33D29C00F4C0FE /* Frameworks */ = {
			isa = PBXFrameworksBuildPhase;
			buildActionMask = 2147483647;
			files = (
			);
			runOnlyForDeploymentPostprocessing = 0;
		};
		87A87FF91B33D29C00F4C0FE /* Frameworks */ = {
			isa = PBXFrameworksBuildPhase;
			buildActionMask = 2147483647;
			files = (
			);
			runOnlyForDeploymentPostprocessing = 0;
		};
/* End PBXFrameworksBuildPhase section */

/* Begin PBXGroup section */
		87A87FDA1B33D29C00F4C0FE = {
			isa = PBXGroup;
			children = (
				87A87FE51B33D29C00F4C0FE /* CalenderTest */,
				87A87FFF1B33D29C00F4C0FE /* CalenderTestTests */,
				87A87FE41B33D29C00F4C0FE /* Products */,
			);
			sourceTree = "<group>";
		};
		87A87FE41B33D29C00F4C0FE /* Products */ = {
			isa = PBXGroup;
			children = (
				87A87FE31B33D29C00F4C0FE /* CalenderTest.app */,
				87A87FFC1B33D29C00F4C0FE /* CalenderTestTests.xctest */,
			);
			name = Products;
			sourceTree = "<group>";
		};
		87A87FE51B33D29C00F4C0FE /* CalenderTest */ = {
			isa = PBXGroup;
			children = (
				87A87FEA1B33D29C00F4C0FE /* AppDelegate.h */,
				87A87FEB1B33D29C00F4C0FE /* AppDelegate.m */,
				87A87FED1B33D29C00F4C0FE /* ViewController.h */,
				87A87FEE1B33D29C00F4C0FE /* ViewController.m */,
				87A87FF01B33D29C00F4C0FE /* Main.storyboard */,
				87A87FF31B33D29C00F4C0FE /* Images.xcassets */,
				87A87FF51B33D29C00F4C0FE /* LaunchScreen.xib */,
				87A87FE61B33D29C00F4C0FE /* Supporting Files */,
			);
			path = CalenderTest;
			sourceTree = "<group>";
		};
		87A87FE61B33D29C00F4C0FE /* Supporting Files */ = {
			isa = PBXGroup;
			children = (
				87A87FE71B33D29C00F4C0FE /* Info.plist */,
				87A87FE81B33D29C00F4C0FE /* main.m */,
			);
			name = "Supporting Files";
			sourceTree = "<group>";
		};
		87A87FFF1B33D29C00F4C0FE /* CalenderTestTests */ = {
			isa = PBXGroup;
			children = (
				87A880021B33D29C00F4C0FE /* CalenderTestTests.m */,
				87A880001B33D29C00F4C0FE /* Supporting Files */,
			);
			path = CalenderTestTests;
			sourceTree = "<group>";
		};
		87A880001B33D29C00F4C0FE /* Supporting Files */ = {
			isa = PBXGroup;
			children = (
				87A880011B33D29C00F4C0FE /* Info.plist */,
			);
			name = "Supporting Files";
			sourceTree = "<group>";
		};
/* End PBXGroup section */

/* Begin PBXNativeTarget section */
		87A87FE21B33D29C00F4C0FE /* CalenderTest */ = {
			isa = PBXNativeTarget;
			buildConfigurationList = 87A880061B33D29C00F4C0FE /* Build configuration list for PBXNativeTarget "CalenderTest" */;
			buildPhases = (
				87A87FDF1B33D29C00F4C0FE /* Sources */,
				87A87FE01B33D29C00F4C0FE /* Frameworks */,
				87A87FE11B33D29C00F4C0FE /* Resources */,
			);
			buildRules = (
			);
			dependencies = (
			);
			name = CalenderTest;
			productName = CalenderTest;
			productReference = 87A87FE31B33D29C00F4C0FE /* CalenderTest.app */;
			productType = "com.apple.product-type.application";
		};
		87A87FFB1B33D29C00F4C0FE /* CalenderTestTests */ = {
			isa = PBXNativeTarget;
			buildConfigurationList = 87A880091B33D29C00F4C0FE /* Build configuration list for PBXNativeTarget "CalenderTestTests" */;
			buildPhases = (
				87A87FF81B33D29C00F4C0FE /* Sources */,
				87A87FF91B33D29C00F4C0FE /* Frameworks */,
				87A87FFA1B33D29C00F4C0FE /* Resources */,
			);
			buildRules = (
			);
			dependencies = (
				87A87FFE1B33D29C00F4C0FE /* PBXTargetDependency */,
			);
			name = CalenderTestTests;
			productName = CalenderTestTests;
			productReference = 87A87FFC1B33D29C00F4C0FE /* CalenderTestTests.xctest */;
			productType = "com.apple.product-type.bundle.unit-test";
		};
/* End PBXNativeTarget section */

/* Begin PBXProject section */
		87A87FDB1B33D29C00F4C0FE /* Project object */ = {
			isa = PBXProject;
			attributes = {
				LastUpgradeCheck = 0630;
				ORGANIZATIONNAME = "北京物网科技有限公司";
				TargetAttributes = {
					87A87FE21B33D29C00F4C0FE = {
						CreatedOnToolsVersion = 6.3;
					};
					87A87FFB1B33D29C00F4C0FE = {
						CreatedOnToolsVersion = 6.3;
						TestTargetID = 87A87FE21B33D29C00F4C0FE;
					};
				};
			};
			buildConfigurationList = 87A87FDE1B33D29C00F4C0FE /* Build configuration list for PBXProject "CalenderTest" */;
			compatibilityVersion = "Xcode 3.2";
			developmentRegion = English;
			hasScannedForEncodings = 0;
			knownRegions = (
				en,
				Base,
			);
			mainGroup = 87A87FDA1B33D29C00F4C0FE;
			productRefGroup = 87A87FE41B33D29C00F4C0FE /* Products */;
			projectDirPath = "";
			projectRoot = "";
			targets = (
				87A87FE21B33D29C00F4C0FE /* CalenderTest */,
				87A87FFB1B33D29C00F4C0FE /* CalenderTestTests */,
			);
		};
/* End PBXProject section */

/* Begin PBXResourcesBuildPhase section */
		87A87FE11B33D29C00F4C0FE /* Resources */ = {
			isa = PBXResourcesBuildPhase;
			buildActionMask = 2147483647;
			files = (
				87A87FF21B33D29C00F4C0FE /* Main.storyboard in Resources */,
				87A87FF71B33D29C00F4C0FE /* LaunchScreen.xib in Resources */,
				87A87FF41B33D29C00F4C0FE /* Images.xcassets in Resources */,
			);
			runOnlyForDeploymentPostprocessing = 0;
		};
		87A87FFA1B33D29C00F4C0FE /* Resources */ = {
			isa = PBXResourcesBuildPhase;
			buildActionMask = 2147483647;
			files = (
			);
			runOnlyForDeploymentPostprocessing = 0;
		};
/* End PBXResourcesBuildPhase section */

/* Begin PBXSourcesBuildPhase section */
		87A87FDF1B33D29C00F4C0FE /* Sources */ = {
			isa = PBXSourcesBuildPhase;
			buildActionMask = 2147483647;
			files = (
				87A87FEF1B33D29C00F4C0FE /* ViewController.m in Sources */,
				87A87FEC1B33D29C00F4C0FE /* AppDelegate.m in Sources */,
				87A87FE91B33D29C00F4C0FE /* main.m in Sources */,
			);
			runOnlyForDeploymentPostprocessing = 0;
		};
		87A87FF81B33D29C00F4C0FE /* Sources */ = {
			isa = PBXSourcesBuildPhase;
			buildActionMask = 2147483647;
			files = (
				87A880031B33D29C00F4C0FE /* CalenderTestTests.m in Sources */,
			);
			runOnlyForDeploymentPostprocessing = 0;
		};
/* End PBXSourcesBuildPhase section */

/* Begin PBXTargetDependency section */
		87A87FFE1B33D29C00F4C0FE /* PBXTargetDependency */ = {
			isa = PBXTargetDependency;
			target = 87A87FE21B33D29C00F4C0FE /* CalenderTest */;
			targetProxy = 87A87FFD1B33D29C00F4C0FE /* PBXContainerItemProxy */;
		};
/* End PBXTargetDependency section */

/* Begin PBXVariantGroup section */
		87A87FF01B33D29C00F4C0FE /* Main.storyboard */ = {
			isa = PBXVariantGroup;
			children = (
				87A87FF11B33D29C00F4C0FE /* Base */,
			);
			name = Main.storyboard;
			sourceTree = "<group>";
		};
		87A87FF51B33D29C00F4C0FE /* LaunchScreen.xib */ = {
			isa = PBXVariantGroup;
			children = (
				87A87FF61B33D29C00F4C0FE /* Base */,
			);
			name = LaunchScreen.xib;
			sourceTree = "<group>";
		};
/* End PBXVariantGroup section */

/* Begin XCBuildConfiguration section */
		87A880041B33D29C00F4C0FE /* Debug */ = {
			isa = XCBuildConfiguration;
			buildSettings = {
				ALWAYS_SEARCH_USER_PATHS = NO;
				CLANG_CXX_LANGUAGE_STANDARD = "gnu++0x";
				CLANG_CXX_LIBRARY = "libc++";
				CLANG_ENABLE_MODULES = YES;
				CLANG_ENABLE_OBJC_ARC = YES;
				CLANG_WARN_BOOL_CONVERSION = YES;
				CLANG_WARN_CONSTANT_CONVERSION = YES;
				CLANG_WARN_DIRECT_OBJC_ISA_USAGE = YES_ERROR;
				CLANG_WARN_EMPTY_BODY = YES;
				CLANG_WARN_ENUM_CONVERSION = YES;
				CLANG_WARN_INT_CONVERSION = YES;
				CLANG_WARN_OBJC_ROOT_CLASS = YES_ERROR;
				CLANG_WARN_UNREACHABLE_CODE = YES;
				CLANG_WARN__DUPLICATE_METHOD_MATCH = YES;
				"CODE_SIGN_IDENTITY[sdk=iphoneos*]" = "iPhone Developer";
				COPY_PHASE_STRIP = NO;
				DEBUG_INFORMATION_FORMAT = "dwarf-with-dsym";
				ENABLE_STRICT_OBJC_MSGSEND = YES;
				GCC_C_LANGUAGE_STANDARD = gnu99;
				GCC_DYNAMIC_NO_PIC = NO;
				GCC_NO_COMMON_BLOCKS = YES;
				GCC_OPTIMIZATION_LEVEL = 0;
				GCC_PREPROCESSOR_DEFINITIONS = (
					"DEBUG=1",
					"$(inherited)",
				);
				GCC_SYMBOLS_PRIVATE_EXTERN = NO;
				GCC_WARN_64_TO_32_BIT_CONVERSION = YES;
				GCC_WARN_ABOUT_RETURN_TYPE = YES_ERROR;
				GCC_WARN_UNDECLARED_SELECTOR = YES;
				GCC_WARN_UNINITIALIZED_AUTOS = YES_AGGRESSIVE;
				GCC_WARN_UNUSED_FUNCTION = YES;
				GCC_WARN_UNUSED_VARIABLE = YES;
				IPHONEOS_DEPLOYMENT_TARGET = 8.3;
				MTL_ENABLE_DEBUG_INFO = YES;
				ONLY_ACTIVE_ARCH = YES;
				SDKROOT = iphoneos;
			};
			name = Debug;
		};
		87A880051B33D29C00F4C0FE /* Release */ = {
			isa = XCBuildConfiguration;
			buildSettings = {
				ALWAYS_SEARCH_USER_PATHS = NO;
				CLANG_CXX_LANGUAGE_STANDARD = "gnu++0x";
				CLANG_CXX_LIBRARY = "libc++";
				CLANG_ENABLE_MODULES = YES;
				CLANG_ENABLE_OBJC_ARC = YES;
				CLANG_WARN_BOOL_CONVERSION = YES;
				CLANG_WARN_CONSTANT_CONVERSION = YES;
				CLANG_WARN_DIRECT_OBJC_ISA_USAGE = YES_ERROR;
				CLANG_WARN_EMPTY_BODY = YES;
				CLANG_WARN_ENUM_CONVERSION = YES;
				CLANG_WARN_INT_CONVERSION = YES;
				CLANG_WARN_OBJC_ROOT_CLASS = YES_ERROR;
				CLANG_WARN_UNREACHABLE_CODE = YES;
				CLANG_WARN__DUPLICATE_METHOD_MATCH = YES;
				"CODE_SIGN_IDENTITY[sdk=iphoneos*]" = "iPhone Developer";
				COPY_PHASE_STRIP = NO;
				DEBUG_INFORMATION_FORMAT = "dwarf-with-dsym";
				ENABLE_NS_ASSERTIONS = NO;
				ENABLE_STRICT_OBJC_MSGSEND = YES;
				GCC_C_LANGUAGE_STANDARD = gnu99;
				GCC_NO_COMMON_BLOCKS = YES;
				GCC_WARN_64_TO_32_BIT_CONVERSION = YES;
				GCC_WARN_ABOUT_RETURN_TYPE = YES_ERROR;
				GCC_WARN_UNDECLARED_SELECTOR = YES;
				GCC_WARN_UNINITIALIZED_AUTOS = YES_AGGRESSIVE;
				GCC_WARN_UNUSED_FUNCTION = YES;
				GCC_WARN_UNUSED_VARIABLE = YES;
				IPHONEOS_DEPLOYMENT_TARGET = 8.3;
				MTL_ENABLE_DEBUG_INFO = NO;
				SDKROOT = iphoneos;
				VALIDATE_PRODUCT = YES;
			};
			name = Release;
		};
		87A880071B33D29C00F4C0FE /* Debug */ = {
			isa = XCBuildConfiguration;
			buildSettings = {
				ASSETCATALOG_COMPILER_APPICON_NAME = AppIcon;
				INFOPLIST_FILE = CalenderTest/Info.plist;
				LD_RUNPATH_SEARCH_PATHS = "$(inherited) @executable_path/Frameworks";
				PRODUCT_NAME = "$(TARGET_NAME)";
			};
			name = Debug;
		};
		87A880081B33D29C00F4C0FE /* Release */ = {
			isa = XCBuildConfiguration;
			buildSettings = {
				ASSETCATALOG_COMPILER_APPICON_NAME = AppIcon;
				INFOPLIST_FILE = CalenderTest/Info.plist;
				LD_RUNPATH_SEARCH_PATHS = "$(inherited) @executable_path/Frameworks";
				PRODUCT_NAME = "$(TARGET_NAME)";
			};
			name = Release;
		};
		87A8800A1B33D29C00F4C0FE /* Debug */ = {
			isa = XCBuildConfiguration;
			buildSettings = {
				BUNDLE_LOADER = "$(TEST_HOST)";
				FRAMEWORK_SEARCH_PATHS = (
					"$(SDKROOT)/Developer/Library/Frameworks",
					"$(inherited)",
				);
				GCC_PREPROCESSOR_DEFINITIONS = (
					"DEBUG=1",
					"$(inherited)",
				);
				INFOPLIST_FILE = CalenderTestTests/Info.plist;
				LD_RUNPATH_SEARCH_PATHS = "$(inherited) @executable_path/Frameworks @loader_path/Frameworks";
				PRODUCT_NAME = "$(TARGET_NAME)";
				TEST_HOST = "$(BUILT_PRODUCTS_DIR)/CalenderTest.app/CalenderTest";
			};
			name = Debug;
		};
		87A8800B1B33D29C00F4C0FE /* Release */ = {
			isa = XCBuildConfiguration;
			buildSettings = {
				BUNDLE_LOADER = "$(TEST_HOST)";
				FRAMEWORK_SEARCH_PATHS = (
					"$(SDKROOT)/Developer/Library/Frameworks",
					"$(inherited)",
				);
				INFOPLIST_FILE = CalenderTestTests/Info.plist;
				LD_RUNPATH_SEARCH_PATHS = "$(inherited) @executable_path/Frameworks @loader_path/Frameworks";
				PRODUCT_NAME = "$(TARGET_NAME)";
				TEST_HOST = "$(BUILT_PRODUCTS_DIR)/CalenderTest.app/CalenderTest";
			};
			name = Release;
		};
/* End XCBuildConfiguration section */

/* Begin XCConfigurationList section */
		87A87FDE1B33D29C00F4C0FE /* Build configuration list for PBXProject "CalenderTest" */ = {
			isa = XCConfigurationList;
			buildConfigurations = (
				87A880041B33D29C00F4C0FE /* Debug */,
				87A880051B33D29C00F4C0FE /* Release */,
			);
			defaultConfigurationIsVisible = 0;
			defaultConfigurationName = Release;
		};
		87A880061B33D29C00F4C0FE /* Build configuration list for PBXNativeTarget "CalenderTest" */ = {
			isa = XCConfigurationList;
			buildConfigurations = (
				87A880071B33D29C00F4C0FE /* Debug */,
				87A880081B33D29C00F4C0FE /* Release */,
			);
			defaultConfigurationIsVisible = 0;
		};
		87A880091B33D29C00F4C0FE /* Build configuration list for PBXNativeTarget "CalenderTestTests" */ = {
			isa = XCConfigurationList;
			buildConfigurations = (
				87A8800A1B33D29C00F4C0FE /* Debug */,
				87A8800B1B33D29C00F4C0FE /* Release */,
			);
			defaultConfigurationIsVisible = 0;
		};
/* End XCConfigurationList section */
	};
	rootObject = 87A87FDB1B33D29C00F4C0FE /* Project object */;
}
