// !$*UTF8*$!
{
	archiveVersion = 1;
	classes = {
	};
	objectVersion = 46;
	objects = {

/* Begin PBXBuildFile section */
		875B32771C0B53B100BA584D /* main.m in Sources */ = {isa = PBXBuildFile; fileRef = 875B32761C0B53B100BA584D /* main.m */; };
		875B327A1C0B53B100BA584D /* AppDelegate.m in Sources */ = {isa = PBXBuildFile; fileRef = 875B32791C0B53B100BA584D /* AppDelegate.m */; };
		875B327D1C0B53B100BA584D /* ViewController.m in Sources */ = {isa = PBXBuildFile; fileRef = 875B327C1C0B53B100BA584D /* ViewController.m */; };
		875B32801C0B53B100BA584D /* Main.storyboard in Resources */ = {isa = PBXBuildFile; fileRef = 875B327E1C0B53B100BA584D /* Main.storyboard */; };
		875B32831C0B53B100BA584D /* CoreDataDemo.xcdatamodeld in Sources */ = {isa = PBXBuildFile; fileRef = 875B32811C0B53B100BA584D /* CoreDataDemo.xcdatamodeld */; };
		875B32851C0B53B100BA584D /* Assets.xcassets in Resources */ = {isa = PBXBuildFile; fileRef = 875B32841C0B53B100BA584D /* Assets.xcassets */; };
		875B32881C0B53B100BA584D /* LaunchScreen.storyboard in Resources */ = {isa = PBXBuildFile; fileRef = 875B32861C0B53B100BA584D /* LaunchScreen.storyboard */; };
		875B32931C0B53B200BA584D /* CoreDataDemoTests.m in Sources */ = {isa = PBXBuildFile; fileRef = 875B32921C0B53B200BA584D /* CoreDataDemoTests.m */; };
		875B329E1C0B53B200BA584D /* CoreDataDemoUITests.m in Sources */ = {isa = PBXBuildFile; fileRef = 875B329D1C0B53B200BA584D /* CoreDataDemoUITests.m */; };
/* End PBXBuildFile section */

/* Begin PBXContainerItemProxy section */
		875B328F1C0B53B200BA584D /* PBXContainerItemProxy */ = {
			isa = PBXContainerItemProxy;
			containerPortal = 875B326A1C0B53B100BA584D /* Project object */;
			proxyType = 1;
			remoteGlobalIDString = 875B32711C0B53B100BA584D;
			remoteInfo = CoreDataDemo;
		};
		875B329A1C0B53B200BA584D /* PBXContainerItemProxy */ = {
			isa = PBXContainerItemProxy;
			containerPortal = 875B326A1C0B53B100BA584D /* Project object */;
			proxyType = 1;
			remoteGlobalIDString = 875B32711C0B53B100BA584D;
			remoteInfo = CoreDataDemo;
		};
/* End PBXContainerItemProxy section */

/* Begin PBXFileReference section */
		875B32721C0B53B100BA584D /* CoreDataDemo.app */ = {isa = PBXFileReference; explicitFileType = wrapper.application; includeInIndex = 0; path = CoreDataDemo.app; sourceTree = BUILT_PRODUCTS_DIR; };
		875B32761C0B53B100BA584D /* main.m */ = {isa = PBXFileReference; lastKnownFileType = sourcecode.c.objc; path = main.m; sourceTree = "<group>"; };
		875B32781C0B53B100BA584D /* AppDelegate.h */ = {isa = PBXFileReference; lastKnownFileType = sourcecode.c.h; path = AppDelegate.h; sourceTree = "<group>"; };
		875B32791C0B53B100BA584D /* AppDelegate.m */ = {isa = PBXFileReference; lastKnownFileType = sourcecode.c.objc; path = AppDelegate.m; sourceTree = "<group>"; };
		875B327B1C0B53B100BA584D /* ViewController.h */ = {isa = PBXFileReference; lastKnownFileType = sourcecode.c.h; path = ViewController.h; sourceTree = "<group>"; };
		875B327C1C0B53B100BA584D /* ViewController.m */ = {isa = PBXFileReference; lastKnownFileType = sourcecode.c.objc; path = ViewController.m; sourceTree = "<group>"; };
		875B327F1C0B53B100BA584D /* Base */ = {isa = PBXFileReference; lastKnownFileType = file.storyboard; name = Base; path = Base.lproj/Main.storyboard; sourceTree = "<group>"; };
		875B32821C0B53B100BA584D /* CoreDataDemo.xcdatamodel */ = {isa = PBXFileReference; lastKnownFileType = wrapper.xcdatamodel; path = CoreDataDemo.xcdatamodel; sourceTree = "<group>"; };
		875B32841C0B53B100BA584D /* Assets.xcassets */ = {isa = PBXFileReference; lastKnownFileType = folder.assetcatalog; path = Assets.xcassets; sourceTree = "<group>"; };
		875B32871C0B53B100BA584D /* Base */ = {isa = PBXFileReference; lastKnownFileType = file.storyboard; name = Base; path = Base.lproj/LaunchScreen.storyboard; sourceTree = "<group>"; };
		875B32891C0B53B100BA584D /* Info.plist */ = {isa = PBXFileReference; lastKnownFileType = text.plist.xml; path = Info.plist; sourceTree = "<group>"; };
		875B328E1C0B53B200BA584D /* CoreDataDemoTests.xctest */ = {isa = PBXFileReference; explicitFileType = wrapper.cfbundle; includeInIndex = 0; path = CoreDataDemoTests.xctest; sourceTree = BUILT_PRODUCTS_DIR; };
		875B32921C0B53B200BA584D /* CoreDataDemoTests.m */ = {isa = PBXFileReference; lastKnownFileType = sourcecode.c.objc; path = CoreDataDemoTests.m; sourceTree = "<group>"; };
		875B32941C0B53B200BA584D /* Info.plist */ = {isa = PBXFileReference; lastKnownFileType = text.plist.xml; path = Info.plist; sourceTree = "<group>"; };
		875B32991C0B53B200BA584D /* CoreDataDemoUITests.xctest */ = {isa = PBXFileReference; explicitFileType = wrapper.cfbundle; includeInIndex = 0; path = CoreDataDemoUITests.xctest; sourceTree = BUILT_PRODUCTS_DIR; };
		875B329D1C0B53B200BA584D /* CoreDataDemoUITests.m */ = {isa = PBXFileReference; lastKnownFileType = sourcecode.c.objc; path = CoreDataDemoUITests.m; sourceTree = "<group>"; };
		875B329F1C0B53B200BA584D /* Info.plist */ = {isa = PBXFileReference; lastKnownFileType = text.plist.xml; path = Info.plist; sourceTree = "<group>"; };
/* End PBXFileReference section */

/* Begin PBXFrameworksBuildPhase section */
		875B326F1C0B53B100BA584D /* Frameworks */ = {
			isa = PBXFrameworksBuildPhase;
			buildActionMask = 2147483647;
			files = (
			);
			runOnlyForDeploymentPostprocessing = 0;
		};
		875B328B1C0B53B200BA584D /* Frameworks */ = {
			isa = PBXFrameworksBuildPhase;
			buildActionMask = 2147483647;
			files = (
			);
			runOnlyForDeploymentPostprocessing = 0;
		};
		875B32961C0B53B200BA584D /* Frameworks */ = {
			isa = PBXFrameworksBuildPhase;
			buildActionMask = 2147483647;
			files = (
			);
			runOnlyForDeploymentPostprocessing = 0;
		};
/* End PBXFrameworksBuildPhase section */

/* Begin PBXGroup section */
		875B32691C0B53B100BA584D = {
			isa = PBXGroup;
			children = (
				875B32741C0B53B100BA584D /* CoreDataDemo */,
				875B32911C0B53B200BA584D /* CoreDataDemoTests */,
				875B329C1C0B53B200BA584D /* CoreDataDemoUITests */,
				875B32731C0B53B100BA584D /* Products */,
			);
			sourceTree = "<group>";
		};
		875B32731C0B53B100BA584D /* Products */ = {
			isa = PBXGroup;
			children = (
				875B32721C0B53B100BA584D /* CoreDataDemo.app */,
				875B328E1C0B53B200BA584D /* CoreDataDemoTests.xctest */,
				875B32991C0B53B200BA584D /* CoreDataDemoUITests.xctest */,
			);
			name = Products;
			sourceTree = "<group>";
		};
		875B32741C0B53B100BA584D /* CoreDataDemo */ = {
			isa = PBXGroup;
			children = (
				875B32781C0B53B100BA584D /* AppDelegate.h */,
				875B32791C0B53B100BA584D /* AppDelegate.m */,
				875B327B1C0B53B100BA584D /* ViewController.h */,
				875B327C1C0B53B100BA584D /* ViewController.m */,
				875B327E1C0B53B100BA584D /* Main.storyboard */,
				875B32841C0B53B100BA584D /* Assets.xcassets */,
				875B32861C0B53B100BA584D /* LaunchScreen.storyboard */,
				875B32891C0B53B100BA584D /* Info.plist */,
				875B32811C0B53B100BA584D /* CoreDataDemo.xcdatamodeld */,
				875B32751C0B53B100BA584D /* Supporting Files */,
			);
			path = CoreDataDemo;
			sourceTree = "<group>";
		};
		875B32751C0B53B100BA584D /* Supporting Files */ = {
			isa = PBXGroup;
			children = (
				875B32761C0B53B100BA584D /* main.m */,
			);
			name = "Supporting Files";
			sourceTree = "<group>";
		};
		875B32911C0B53B200BA584D /* CoreDataDemoTests */ = {
			isa = PBXGroup;
			children = (
				875B32921C0B53B200BA584D /* CoreDataDemoTests.m */,
				875B32941C0B53B200BA584D /* Info.plist */,
			);
			path = CoreDataDemoTests;
			sourceTree = "<group>";
		};
		875B329C1C0B53B200BA584D /* CoreDataDemoUITests */ = {
			isa = PBXGroup;
			children = (
				875B329D1C0B53B200BA584D /* CoreDataDemoUITests.m */,
				875B329F1C0B53B200BA584D /* Info.plist */,
			);
			path = CoreDataDemoUITests;
			sourceTree = "<group>";
		};
/* End PBXGroup section */

/* Begin PBXNativeTarget section */
		875B32711C0B53B100BA584D /* CoreDataDemo */ = {
			isa = PBXNativeTarget;
			buildConfigurationList = 875B32A21C0B53B200BA584D /* Build configuration list for PBXNativeTarget "CoreDataDemo" */;
			buildPhases = (
				875B326E1C0B53B100BA584D /* Sources */,
				875B326F1C0B53B100BA584D /* Frameworks */,
				875B32701C0B53B100BA584D /* Resources */,
			);
			buildRules = (
			);
			dependencies = (
			);
			name = CoreDataDemo;
			productName = CoreDataDemo;
			productReference = 875B32721C0B53B100BA584D /* CoreDataDemo.app */;
			productType = "com.apple.product-type.application";
		};
		875B328D1C0B53B200BA584D /* CoreDataDemoTests */ = {
			isa = PBXNativeTarget;
			buildConfigurationList = 875B32A51C0B53B200BA584D /* Build configuration list for PBXNativeTarget "CoreDataDemoTests" */;
			buildPhases = (
				875B328A1C0B53B200BA584D /* Sources */,
				875B328B1C0B53B200BA584D /* Frameworks */,
				875B328C1C0B53B200BA584D /* Resources */,
			);
			buildRules = (
			);
			dependencies = (
				875B32901C0B53B200BA584D /* PBXTargetDependency */,
			);
			name = CoreDataDemoTests;
			productName = CoreDataDemoTests;
			productReference = 875B328E1C0B53B200BA584D /* CoreDataDemoTests.xctest */;
			productType = "com.apple.product-type.bundle.unit-test";
		};
		875B32981C0B53B200BA584D /* CoreDataDemoUITests */ = {
			isa = PBXNativeTarget;
			buildConfigurationList = 875B32A81C0B53B200BA584D /* Build configuration list for PBXNativeTarget "CoreDataDemoUITests" */;
			buildPhases = (
				875B32951C0B53B200BA584D /* Sources */,
				875B32961C0B53B200BA584D /* Frameworks */,
				875B32971C0B53B200BA584D /* Resources */,
			);
			buildRules = (
			);
			dependencies = (
				875B329B1C0B53B200BA584D /* PBXTargetDependency */,
			);
			name = CoreDataDemoUITests;
			productName = CoreDataDemoUITests;
			productReference = 875B32991C0B53B200BA584D /* CoreDataDemoUITests.xctest */;
			productType = "com.apple.product-type.bundle.ui-testing";
		};
/* End PBXNativeTarget section */

/* Begin PBXProject section */
		875B326A1C0B53B100BA584D /* Project object */ = {
			isa = PBXProject;
			attributes = {
				LastUpgradeCheck = 0710;
				ORGANIZATIONNAME = "北京物网科技有限公司";
				TargetAttributes = {
					875B32711C0B53B100BA584D = {
						CreatedOnToolsVersion = 7.1;
					};
					875B328D1C0B53B200BA584D = {
						CreatedOnToolsVersion = 7.1;
						TestTargetID = 875B32711C0B53B100BA584D;
					};
					875B32981C0B53B200BA584D = {
						CreatedOnToolsVersion = 7.1;
						TestTargetID = 875B32711C0B53B100BA584D;
					};
				};
			};
			buildConfigurationList = 875B326D1C0B53B100BA584D /* Build configuration list for PBXProject "CoreDataDemo" */;
			compatibilityVersion = "Xcode 3.2";
			developmentRegion = English;
			hasScannedForEncodings = 0;
			knownRegions = (
				en,
				Base,
			);
			mainGroup = 875B32691C0B53B100BA584D;
			productRefGroup = 875B32731C0B53B100BA584D /* Products */;
			projectDirPath = "";
			projectRoot = "";
			targets = (
				875B32711C0B53B100BA584D /* CoreDataDemo */,
				875B328D1C0B53B200BA584D /* CoreDataDemoTests */,
				875B32981C0B53B200BA584D /* CoreDataDemoUITests */,
			);
		};
/* End PBXProject section */

/* Begin PBXResourcesBuildPhase section */
		875B32701C0B53B100BA584D /* Resources */ = {
			isa = PBXResourcesBuildPhase;
			buildActionMask = 2147483647;
			files = (
				875B32881C0B53B100BA584D /* LaunchScreen.storyboard in Resources */,
				875B32851C0B53B100BA584D /* Assets.xcassets in Resources */,
				875B32801C0B53B100BA584D /* Main.storyboard in Resources */,
			);
			runOnlyForDeploymentPostprocessing = 0;
		};
		875B328C1C0B53B200BA584D /* Resources */ = {
			isa = PBXResourcesBuildPhase;
			buildActionMask = 2147483647;
			files = (
			);
			runOnlyForDeploymentPostprocessing = 0;
		};
		875B32971C0B53B200BA584D /* Resources */ = {
			isa = PBXResourcesBuildPhase;
			buildActionMask = 2147483647;
			files = (
			);
			runOnlyForDeploymentPostprocessing = 0;
		};
/* End PBXResourcesBuildPhase section */

/* Begin PBXSourcesBuildPhase section */
		875B326E1C0B53B100BA584D /* Sources */ = {
			isa = PBXSourcesBuildPhase;
			buildActionMask = 2147483647;
			files = (
				875B327D1C0B53B100BA584D /* ViewController.m in Sources */,
				875B32831C0B53B100BA584D /* CoreDataDemo.xcdatamodeld in Sources */,
				875B327A1C0B53B100BA584D /* AppDelegate.m in Sources */,
				875B32771C0B53B100BA584D /* main.m in Sources */,
			);
			runOnlyForDeploymentPostprocessing = 0;
		};
		875B328A1C0B53B200BA584D /* Sources */ = {
			isa = PBXSourcesBuildPhase;
			buildActionMask = 2147483647;
			files = (
				875B32931C0B53B200BA584D /* CoreDataDemoTests.m in Sources */,
			);
			runOnlyForDeploymentPostprocessing = 0;
		};
		875B32951C0B53B200BA584D /* Sources */ = {
			isa = PBXSourcesBuildPhase;
			buildActionMask = 2147483647;
			files = (
				875B329E1C0B53B200BA584D /* CoreDataDemoUITests.m in Sources */,
			);
			runOnlyForDeploymentPostprocessing = 0;
		};
/* End PBXSourcesBuildPhase section */

/* Begin PBXTargetDependency section */
		875B32901C0B53B200BA584D /* PBXTargetDependency */ = {
			isa = PBXTargetDependency;
			target = 875B32711C0B53B100BA584D /* CoreDataDemo */;
			targetProxy = 875B328F1C0B53B200BA584D /* PBXContainerItemProxy */;
		};
		875B329B1C0B53B200BA584D /* PBXTargetDependency */ = {
			isa = PBXTargetDependency;
			target = 875B32711C0B53B100BA584D /* CoreDataDemo */;
			targetProxy = 875B329A1C0B53B200BA584D /* PBXContainerItemProxy */;
		};
/* End PBXTargetDependency section */

/* Begin PBXVariantGroup section */
		875B327E1C0B53B100BA584D /* Main.storyboard */ = {
			isa = PBXVariantGroup;
			children = (
				875B327F1C0B53B100BA584D /* Base */,
			);
			name = Main.storyboard;
			sourceTree = "<group>";
		};
		875B32861C0B53B100BA584D /* LaunchScreen.storyboard */ = {
			isa = PBXVariantGroup;
			children = (
				875B32871C0B53B100BA584D /* Base */,
			);
			name = LaunchScreen.storyboard;
			sourceTree = "<group>";
		};
/* End PBXVariantGroup section */

/* Begin XCBuildConfiguration section */
		875B32A01C0B53B200BA584D /* Debug */ = {
			isa = XCBuildConfiguration;
			buildSettings = {
				ALWAYS_SEARCH_USER_PATHS = NO;
				CLANG_CXX_LANGUAGE_STANDARD = "gnu++0x";
				CLANG_CXX_LIBRARY = "libc++";
				CLANG_ENABLE_MODULES = YES;
				CLANG_ENABLE_OBJC_ARC = YES;
				CLANG_WARN_BOOL_CONVERSION = YES;
				CLANG_WARN_CONSTANT_CONVERSION = YES;
				CLANG_WARN_DIRECT_OBJC_ISA_USAGE = YES_ERROR;
				CLANG_WARN_EMPTY_BODY = YES;
				CLANG_WARN_ENUM_CONVERSION = YES;
				CLANG_WARN_INT_CONVERSION = YES;
				CLANG_WARN_OBJC_ROOT_CLASS = YES_ERROR;
				CLANG_WARN_UNREACHABLE_CODE = YES;
				CLANG_WARN__DUPLICATE_METHOD_MATCH = YES;
				"CODE_SIGN_IDENTITY[sdk=iphoneos*]" = "iPhone Developer";
				COPY_PHASE_STRIP = NO;
				DEBUG_INFORMATION_FORMAT = dwarf;
				ENABLE_STRICT_OBJC_MSGSEND = YES;
				ENABLE_TESTABILITY = YES;
				GCC_C_LANGUAGE_STANDARD = gnu99;
				GCC_DYNAMIC_NO_PIC = NO;
				GCC_NO_COMMON_BLOCKS = YES;
				GCC_OPTIMIZATION_LEVEL = 0;
				GCC_PREPROCESSOR_DEFINITIONS = (
					"DEBUG=1",
					"$(inherited)",
				);
				GCC_WARN_64_TO_32_BIT_CONVERSION = YES;
				GCC_WARN_ABOUT_RETURN_TYPE = YES_ERROR;
				GCC_WARN_UNDECLARED_SELECTOR = YES;
				GCC_WARN_UNINITIALIZED_AUTOS = YES_AGGRESSIVE;
				GCC_WARN_UNUSED_FUNCTION = YES;
				GCC_WARN_UNUSED_VARIABLE = YES;
				IPHONEOS_DEPLOYMENT_TARGET = 9.1;
				MTL_ENABLE_DEBUG_INFO = YES;
				ONLY_ACTIVE_ARCH = YES;
				SDKROOT = iphoneos;
			};
			name = Debug;
		};
		875B32A11C0B53B200BA584D /* Release */ = {
			isa = XCBuildConfiguration;
			buildSettings = {
				ALWAYS_SEARCH_USER_PATHS = NO;
				CLANG_CXX_LANGUAGE_STANDARD = "gnu++0x";
				CLANG_CXX_LIBRARY = "libc++";
				CLANG_ENABLE_MODULES = YES;
				CLANG_ENABLE_OBJC_ARC = YES;
				CLANG_WARN_BOOL_CONVERSION = YES;
				CLANG_WARN_CONSTANT_CONVERSION = YES;
				CLANG_WARN_DIRECT_OBJC_ISA_USAGE = YES_ERROR;
				CLANG_WARN_EMPTY_BODY = YES;
				CLANG_WARN_ENUM_CONVERSION = YES;
				CLANG_WARN_INT_CONVERSION = YES;
				CLANG_WARN_OBJC_ROOT_CLASS = YES_ERROR;
				CLANG_WARN_UNREACHABLE_CODE = YES;
				CLANG_WARN__DUPLICATE_METHOD_MATCH = YES;
				"CODE_SIGN_IDENTITY[sdk=iphoneos*]" = "iPhone Developer";
				COPY_PHASE_STRIP = NO;
				DEBUG_INFORMATION_FORMAT = "dwarf-with-dsym";
				ENABLE_NS_ASSERTIONS = NO;
				ENABLE_STRICT_OBJC_MSGSEND = YES;
				GCC_C_LANGUAGE_STANDARD = gnu99;
				GCC_NO_COMMON_BLOCKS = YES;
				GCC_WARN_64_TO_32_BIT_CONVERSION = YES;
				GCC_WARN_ABOUT_RETURN_TYPE = YES_ERROR;
				GCC_WARN_UNDECLARED_SELECTOR = YES;
				GCC_WARN_UNINITIALIZED_AUTOS = YES_AGGRESSIVE;
				GCC_WARN_UNUSED_FUNCTION = YES;
				GCC_WARN_UNUSED_VARIABLE = YES;
				IPHONEOS_DEPLOYMENT_TARGET = 9.1;
				MTL_ENABLE_DEBUG_INFO = NO;
				SDKROOT = iphoneos;
				VALIDATE_PRODUCT = YES;
			};
			name = Release;
		};
		875B32A31C0B53B200BA584D /* Debug */ = {
			isa = XCBuildConfiguration;
			buildSettings = {
				ASSETCATALOG_COMPILER_APPICON_NAME = AppIcon;
				INFOPLIST_FILE = CoreDataDemo/Info.plist;
				LD_RUNPATH_SEARCH_PATHS = "$(inherited) @executable_path/Frameworks";
				PRODUCT_BUNDLE_IDENTIFIER = com.wuwangkeji.developer.CoreDataDemo;
				PRODUCT_NAME = "$(TARGET_NAME)";
			};
			name = Debug;
		};
		875B32A41C0B53B200BA584D /* Release */ = {
			isa = XCBuildConfiguration;
			buildSettings = {
				ASSETCATALOG_COMPILER_APPICON_NAME = AppIcon;
				INFOPLIST_FILE = CoreDataDemo/Info.plist;
				LD_RUNPATH_SEARCH_PATHS = "$(inherited) @executable_path/Frameworks";
				PRODUCT_BUNDLE_IDENTIFIER = com.wuwangkeji.developer.CoreDataDemo;
				PRODUCT_NAME = "$(TARGET_NAME)";
			};
			name = Release;
		};
		875B32A61C0B53B200BA584D /* Debug */ = {
			isa = XCBuildConfiguration;
			buildSettings = {
				BUNDLE_LOADER = "$(TEST_HOST)";
				INFOPLIST_FILE = CoreDataDemoTests/Info.plist;
				LD_RUNPATH_SEARCH_PATHS = "$(inherited) @executable_path/Frameworks @loader_path/Frameworks";
				PRODUCT_BUNDLE_IDENTIFIER = com.wuwangkeji.developer.CoreDataDemoTests;
				PRODUCT_NAME = "$(TARGET_NAME)";
				TEST_HOST = "$(BUILT_PRODUCTS_DIR)/CoreDataDemo.app/CoreDataDemo";
			};
			name = Debug;
		};
		875B32A71C0B53B200BA584D /* Release */ = {
			isa = XCBuildConfiguration;
			buildSettings = {
				BUNDLE_LOADER = "$(TEST_HOST)";
				INFOPLIST_FILE = CoreDataDemoTests/Info.plist;
				LD_RUNPATH_SEARCH_PATHS = "$(inherited) @executable_path/Frameworks @loader_path/Frameworks";
				PRODUCT_BUNDLE_IDENTIFIER = com.wuwangkeji.developer.CoreDataDemoTests;
				PRODUCT_NAME = "$(TARGET_NAME)";
				TEST_HOST = "$(BUILT_PRODUCTS_DIR)/CoreDataDemo.app/CoreDataDemo";
			};
			name = Release;
		};
		875B32A91C0B53B200BA584D /* Debug */ = {
			isa = XCBuildConfiguration;
			buildSettings = {
				INFOPLIST_FILE = CoreDataDemoUITests/Info.plist;
				LD_RUNPATH_SEARCH_PATHS = "$(inherited) @executable_path/Frameworks @loader_path/Frameworks";
				PRODUCT_BUNDLE_IDENTIFIER = com.wuwangkeji.developer.CoreDataDemoUITests;
				PRODUCT_NAME = "$(TARGET_NAME)";
				TEST_TARGET_NAME = CoreDataDemo;
				USES_XCTRUNNER = YES;
			};
			name = Debug;
		};
		875B32AA1C0B53B200BA584D /* Release */ = {
			isa = XCBuildConfiguration;
			buildSettings = {
				INFOPLIST_FILE = CoreDataDemoUITests/Info.plist;
				LD_RUNPATH_SEARCH_PATHS = "$(inherited) @executable_path/Frameworks @loader_path/Frameworks";
				PRODUCT_BUNDLE_IDENTIFIER = com.wuwangkeji.developer.CoreDataDemoUITests;
				PRODUCT_NAME = "$(TARGET_NAME)";
				TEST_TARGET_NAME = CoreDataDemo;
				USES_XCTRUNNER = YES;
			};
			name = Release;
		};
/* End XCBuildConfiguration section */

/* Begin XCConfigurationList section */
		875B326D1C0B53B100BA584D /* Build configuration list for PBXProject "CoreDataDemo" */ = {
			isa = XCConfigurationList;
			buildConfigurations = (
				875B32A01C0B53B200BA584D /* Debug */,
				875B32A11C0B53B200BA584D /* Release */,
			);
			defaultConfigurationIsVisible = 0;
			defaultConfigurationName = Release;
		};
		875B32A21C0B53B200BA584D /* Build configuration list for PBXNativeTarget "CoreDataDemo" */ = {
			isa = XCConfigurationList;
			buildConfigurations = (
				875B32A31C0B53B200BA584D /* Debug */,
				875B32A41C0B53B200BA584D /* Release */,
			);
			defaultConfigurationIsVisible = 0;
		};
		875B32A51C0B53B200BA584D /* Build configuration list for PBXNativeTarget "CoreDataDemoTests" */ = {
			isa = XCConfigurationList;
			buildConfigurations = (
				875B32A61C0B53B200BA584D /* Debug */,
				875B32A71C0B53B200BA584D /* Release */,
			);
			defaultConfigurationIsVisible = 0;
		};
		875B32A81C0B53B200BA584D /* Build configuration list for PBXNativeTarget "CoreDataDemoUITests" */ = {
			isa = XCConfigurationList;
			buildConfigurations = (
				875B32A91C0B53B200BA584D /* Debug */,
				875B32AA1C0B53B200BA584D /* Release */,
			);
			defaultConfigurationIsVisible = 0;
		};
/* End XCConfigurationList section */

/* Begin XCVersionGroup section */
		875B32811C0B53B100BA584D /* CoreDataDemo.xcdatamodeld */ = {
			isa = XCVersionGroup;
			children = (
				875B32821C0B53B100BA584D /* CoreDataDemo.xcdatamodel */,
			);
			currentVersion = 875B32821C0B53B100BA584D /* CoreDataDemo.xcdatamodel */;
			path = CoreDataDemo.xcdatamodeld;
			sourceTree = "<group>";
			versionGroupType = wrapper.xcdatamodel;
		};
/* End XCVersionGroup section */
	};
	rootObject = 875B326A1C0B53B100BA584D /* Project object */;
}
