// !$*UTF8*$!
{
	archiveVersion = 1;
	classes = {
	};
	objectVersion = 46;
	objects = {

/* Begin PBXBuildFile section */
		EC7A918A1B33D3280074BCCE /* main.m in Sources */ = {isa = PBXBuildFile; fileRef = EC7A91891B33D3280074BCCE /* main.m */; };
		EC7A918D1B33D3280074BCCE /* AppDelegate.m in Sources */ = {isa = PBXBuildFile; fileRef = EC7A918C1B33D3280074BCCE /* AppDelegate.m */; };
		EC7A91901B33D3280074BCCE /* ViewController.m in Sources */ = {isa = PBXBuildFile; fileRef = EC7A918F1B33D3280074BCCE /* ViewController.m */; };
		EC7A91931B33D3280074BCCE /* Main.storyboard in Resources */ = {isa = PBXBuildFile; fileRef = EC7A91911B33D3280074BCCE /* Main.storyboard */; };
		EC7A91951B33D3280074BCCE /* Images.xcassets in Resources */ = {isa = PBXBuildFile; fileRef = EC7A91941B33D3280074BCCE /* Images.xcassets */; };
		EC7A91981B33D3280074BCCE /* LaunchScreen.xib in Resources */ = {isa = PBXBuildFile; fileRef = EC7A91961B33D3280074BCCE /* LaunchScreen.xib */; };
		EC7A91A41B33D3280074BCCE /* CalendarDemoTests.m in Sources */ = {isa = PBXBuildFile; fileRef = EC7A91A31B33D3280074BCCE /* CalendarDemoTests.m */; };
		EC7A91AF1B33D34A0074BCCE /* MainViewController.m in Sources */ = {isa = PBXBuildFile; fileRef = EC7A91AE1B33D34A0074BCCE /* MainViewController.m */; };
/* End PBXBuildFile section */

/* Begin PBXContainerItemProxy section */
		EC7A919E1B33D3280074BCCE /* PBXContainerItemProxy */ = {
			isa = PBXContainerItemProxy;
			containerPortal = EC7A917C1B33D3280074BCCE /* Project object */;
			proxyType = 1;
			remoteGlobalIDString = EC7A91831B33D3280074BCCE;
			remoteInfo = CalendarDemo;
		};
/* End PBXContainerItemProxy section */

/* Begin PBXFileReference section */
		EC7A91841B33D3280074BCCE /* CalendarDemo.app */ = {isa = PBXFileReference; explicitFileType = wrapper.application; includeInIndex = 0; path = CalendarDemo.app; sourceTree = BUILT_PRODUCTS_DIR; };
		EC7A91881B33D3280074BCCE /* Info.plist */ = {isa = PBXFileReference; lastKnownFileType = text.plist.xml; path = Info.plist; sourceTree = "<group>"; };
		EC7A91891B33D3280074BCCE /* main.m */ = {isa = PBXFileReference; lastKnownFileType = sourcecode.c.objc; path = main.m; sourceTree = "<group>"; };
		EC7A918B1B33D3280074BCCE /* AppDelegate.h */ = {isa = PBXFileReference; lastKnownFileType = sourcecode.c.h; path = AppDelegate.h; sourceTree = "<group>"; };
		EC7A918C1B33D3280074BCCE /* AppDelegate.m */ = {isa = PBXFileReference; lastKnownFileType = sourcecode.c.objc; path = AppDelegate.m; sourceTree = "<group>"; };
		EC7A918E1B33D3280074BCCE /* ViewController.h */ = {isa = PBXFileReference; lastKnownFileType = sourcecode.c.h; path = ViewController.h; sourceTree = "<group>"; };
		EC7A918F1B33D3280074BCCE /* ViewController.m */ = {isa = PBXFileReference; lastKnownFileType = sourcecode.c.objc; path = ViewController.m; sourceTree = "<group>"; };
		EC7A91921B33D3280074BCCE /* Base */ = {isa = PBXFileReference; lastKnownFileType = file.storyboard; name = Base; path = Base.lproj/Main.storyboard; sourceTree = "<group>"; };
		EC7A91941B33D3280074BCCE /* Images.xcassets */ = {isa = PBXFileReference; lastKnownFileType = folder.assetcatalog; path = Images.xcassets; sourceTree = "<group>"; };
		EC7A91971B33D3280074BCCE /* Base */ = {isa = PBXFileReference; lastKnownFileType = file.xib; name = Base; path = Base.lproj/LaunchScreen.xib; sourceTree = "<group>"; };
		EC7A919D1B33D3280074BCCE /* CalendarDemoTests.xctest */ = {isa = PBXFileReference; explicitFileType = wrapper.cfbundle; includeInIndex = 0; path = CalendarDemoTests.xctest; sourceTree = BUILT_PRODUCTS_DIR; };
		EC7A91A21B33D3280074BCCE /* Info.plist */ = {isa = PBXFileReference; lastKnownFileType = text.plist.xml; path = Info.plist; sourceTree = "<group>"; };
		EC7A91A31B33D3280074BCCE /* CalendarDemoTests.m */ = {isa = PBXFileReference; lastKnownFileType = sourcecode.c.objc; path = CalendarDemoTests.m; sourceTree = "<group>"; };
		EC7A91AD1B33D34A0074BCCE /* MainViewController.h */ = {isa = PBXFileReference; fileEncoding = 4; lastKnownFileType = sourcecode.c.h; path = MainViewController.h; sourceTree = "<group>"; };
		EC7A91AE1B33D34A0074BCCE /* MainViewController.m */ = {isa = PBXFileReference; fileEncoding = 4; lastKnownFileType = sourcecode.c.objc; path = MainViewController.m; sourceTree = "<group>"; };
/* End PBXFileReference section */

/* Begin PBXFrameworksBuildPhase section */
		EC7A91811B33D3280074BCCE /* Frameworks */ = {
			isa = PBXFrameworksBuildPhase;
			buildActionMask = 2147483647;
			files = (
			);
			runOnlyForDeploymentPostprocessing = 0;
		};
		EC7A919A1B33D3280074BCCE /* Frameworks */ = {
			isa = PBXFrameworksBuildPhase;
			buildActionMask = 2147483647;
			files = (
			);
			runOnlyForDeploymentPostprocessing = 0;
		};
/* End PBXFrameworksBuildPhase section */

/* Begin PBXGroup section */
		EC7A917B1B33D3280074BCCE = {
			isa = PBXGroup;
			children = (
				EC7A91861B33D3280074BCCE /* CalendarDemo */,
				EC7A91A01B33D3280074BCCE /* CalendarDemoTests */,
				EC7A91851B33D3280074BCCE /* Products */,
			);
			sourceTree = "<group>";
		};
		EC7A91851B33D3280074BCCE /* Products */ = {
			isa = PBXGroup;
			children = (
				EC7A91841B33D3280074BCCE /* CalendarDemo.app */,
				EC7A919D1B33D3280074BCCE /* CalendarDemoTests.xctest */,
			);
			name = Products;
			sourceTree = "<group>";
		};
		EC7A91861B33D3280074BCCE /* CalendarDemo */ = {
			isa = PBXGroup;
			children = (
				EC7A918B1B33D3280074BCCE /* AppDelegate.h */,
				EC7A918C1B33D3280074BCCE /* AppDelegate.m */,
				EC7A918E1B33D3280074BCCE /* ViewController.h */,
				EC7A918F1B33D3280074BCCE /* ViewController.m */,
				EC7A91AD1B33D34A0074BCCE /* MainViewController.h */,
				EC7A91AE1B33D34A0074BCCE /* MainViewController.m */,
				EC7A91911B33D3280074BCCE /* Main.storyboard */,
				EC7A91941B33D3280074BCCE /* Images.xcassets */,
				EC7A91961B33D3280074BCCE /* LaunchScreen.xib */,
				EC7A91871B33D3280074BCCE /* Supporting Files */,
			);
			path = CalendarDemo;
			sourceTree = "<group>";
		};
		EC7A91871B33D3280074BCCE /* Supporting Files */ = {
			isa = PBXGroup;
			children = (
				EC7A91881B33D3280074BCCE /* Info.plist */,
				EC7A91891B33D3280074BCCE /* main.m */,
			);
			name = "Supporting Files";
			sourceTree = "<group>";
		};
		EC7A91A01B33D3280074BCCE /* CalendarDemoTests */ = {
			isa = PBXGroup;
			children = (
				EC7A91A31B33D3280074BCCE /* CalendarDemoTests.m */,
				EC7A91A11B33D3280074BCCE /* Supporting Files */,
			);
			path = CalendarDemoTests;
			sourceTree = "<group>";
		};
		EC7A91A11B33D3280074BCCE /* Supporting Files */ = {
			isa = PBXGroup;
			children = (
				EC7A91A21B33D3280074BCCE /* Info.plist */,
			);
			name = "Supporting Files";
			sourceTree = "<group>";
		};
/* End PBXGroup section */

/* Begin PBXNativeTarget section */
		EC7A91831B33D3280074BCCE /* CalendarDemo */ = {
			isa = PBXNativeTarget;
			buildConfigurationList = EC7A91A71B33D3280074BCCE /* Build configuration list for PBXNativeTarget "CalendarDemo" */;
			buildPhases = (
				EC7A91801B33D3280074BCCE /* Sources */,
				EC7A91811B33D3280074BCCE /* Frameworks */,
				EC7A91821B33D3280074BCCE /* Resources */,
			);
			buildRules = (
			);
			dependencies = (
			);
			name = CalendarDemo;
			productName = CalendarDemo;
			productReference = EC7A91841B33D3280074BCCE /* CalendarDemo.app */;
			productType = "com.apple.product-type.application";
		};
		EC7A919C1B33D3280074BCCE /* CalendarDemoTests */ = {
			isa = PBXNativeTarget;
			buildConfigurationList = EC7A91AA1B33D3280074BCCE /* Build configuration list for PBXNativeTarget "CalendarDemoTests" */;
			buildPhases = (
				EC7A91991B33D3280074BCCE /* Sources */,
				EC7A919A1B33D3280074BCCE /* Frameworks */,
				EC7A919B1B33D3280074BCCE /* Resources */,
			);
			buildRules = (
			);
			dependencies = (
				EC7A919F1B33D3280074BCCE /* PBXTargetDependency */,
			);
			name = CalendarDemoTests;
			productName = CalendarDemoTests;
			productReference = EC7A919D1B33D3280074BCCE /* CalendarDemoTests.xctest */;
			productType = "com.apple.product-type.bundle.unit-test";
		};
/* End PBXNativeTarget section */

/* Begin PBXProject section */
		EC7A917C1B33D3280074BCCE /* Project object */ = {
			isa = PBXProject;
			attributes = {
				LastUpgradeCheck = 0630;
				ORGANIZATIONNAME = "北京物网科技有限公司";
				TargetAttributes = {
					EC7A91831B33D3280074BCCE = {
						CreatedOnToolsVersion = 6.3.1;
					};
					EC7A919C1B33D3280074BCCE = {
						CreatedOnToolsVersion = 6.3.1;
						TestTargetID = EC7A91831B33D3280074BCCE;
					};
				};
			};
			buildConfigurationList = EC7A917F1B33D3280074BCCE /* Build configuration list for PBXProject "CalendarDemo" */;
			compatibilityVersion = "Xcode 3.2";
			developmentRegion = English;
			hasScannedForEncodings = 0;
			knownRegions = (
				en,
				Base,
			);
			mainGroup = EC7A917B1B33D3280074BCCE;
			productRefGroup = EC7A91851B33D3280074BCCE /* Products */;
			projectDirPath = "";
			projectRoot = "";
			targets = (
				EC7A91831B33D3280074BCCE /* CalendarDemo */,
				EC7A919C1B33D3280074BCCE /* CalendarDemoTests */,
			);
		};
/* End PBXProject section */

/* Begin PBXResourcesBuildPhase section */
		EC7A91821B33D3280074BCCE /* Resources */ = {
			isa = PBXResourcesBuildPhase;
			buildActionMask = 2147483647;
			files = (
				EC7A91931B33D3280074BCCE /* Main.storyboard in Resources */,
				EC7A91981B33D3280074BCCE /* LaunchScreen.xib in Resources */,
				EC7A91951B33D3280074BCCE /* Images.xcassets in Resources */,
			);
			runOnlyForDeploymentPostprocessing = 0;
		};
		EC7A919B1B33D3280074BCCE /* Resources */ = {
			isa = PBXResourcesBuildPhase;
			buildActionMask = 2147483647;
			files = (
			);
			runOnlyForDeploymentPostprocessing = 0;
		};
/* End PBXResourcesBuildPhase section */

/* Begin PBXSourcesBuildPhase section */
		EC7A91801B33D3280074BCCE /* Sources */ = {
			isa = PBXSourcesBuildPhase;
			buildActionMask = 2147483647;
			files = (
				EC7A91901B33D3280074BCCE /* ViewController.m in Sources */,
				EC7A918D1B33D3280074BCCE /* AppDelegate.m in Sources */,
				EC7A918A1B33D3280074BCCE /* main.m in Sources */,
				EC7A91AF1B33D34A0074BCCE /* MainViewController.m in Sources */,
			);
			runOnlyForDeploymentPostprocessing = 0;
		};
		EC7A91991B33D3280074BCCE /* Sources */ = {
			isa = PBXSourcesBuildPhase;
			buildActionMask = 2147483647;
			files = (
				EC7A91A41B33D3280074BCCE /* CalendarDemoTests.m in Sources */,
			);
			runOnlyForDeploymentPostprocessing = 0;
		};
/* End PBXSourcesBuildPhase section */

/* Begin PBXTargetDependency section */
		EC7A919F1B33D3280074BCCE /* PBXTargetDependency */ = {
			isa = PBXTargetDependency;
			target = EC7A91831B33D3280074BCCE /* CalendarDemo */;
			targetProxy = EC7A919E1B33D3280074BCCE /* PBXContainerItemProxy */;
		};
/* End PBXTargetDependency section */

/* Begin PBXVariantGroup section */
		EC7A91911B33D3280074BCCE /* Main.storyboard */ = {
			isa = PBXVariantGroup;
			children = (
				EC7A91921B33D3280074BCCE /* Base */,
			);
			name = Main.storyboard;
			sourceTree = "<group>";
		};
		EC7A91961B33D3280074BCCE /* LaunchScreen.xib */ = {
			isa = PBXVariantGroup;
			children = (
				EC7A91971B33D3280074BCCE /* Base */,
			);
			name = LaunchScreen.xib;
			sourceTree = "<group>";
		};
/* End PBXVariantGroup section */

/* Begin XCBuildConfiguration section */
		EC7A91A51B33D3280074BCCE /* Debug */ = {
			isa = XCBuildConfiguration;
			buildSettings = {
				ALWAYS_SEARCH_USER_PATHS = NO;
				CLANG_CXX_LANGUAGE_STANDARD = "gnu++0x";
				CLANG_CXX_LIBRARY = "libc++";
				CLANG_ENABLE_MODULES = YES;
				CLANG_ENABLE_OBJC_ARC = YES;
				CLANG_WARN_BOOL_CONVERSION = YES;
				CLANG_WARN_CONSTANT_CONVERSION = YES;
				CLANG_WARN_DIRECT_OBJC_ISA_USAGE = YES_ERROR;
				CLANG_WARN_EMPTY_BODY = YES;
				CLANG_WARN_ENUM_CONVERSION = YES;
				CLANG_WARN_INT_CONVERSION = YES;
				CLANG_WARN_OBJC_ROOT_CLASS = YES_ERROR;
				CLANG_WARN_UNREACHABLE_CODE = YES;
				CLANG_WARN__DUPLICATE_METHOD_MATCH = YES;
				"CODE_SIGN_IDENTITY[sdk=iphoneos*]" = "iPhone Developer";
				COPY_PHASE_STRIP = NO;
				DEBUG_INFORMATION_FORMAT = "dwarf-with-dsym";
				ENABLE_STRICT_OBJC_MSGSEND = YES;
				GCC_C_LANGUAGE_STANDARD = gnu99;
				GCC_DYNAMIC_NO_PIC = NO;
				GCC_NO_COMMON_BLOCKS = YES;
				GCC_OPTIMIZATION_LEVEL = 0;
				GCC_PREPROCESSOR_DEFINITIONS = (
					"DEBUG=1",
					"$(inherited)",
				);
				GCC_SYMBOLS_PRIVATE_EXTERN = NO;
				GCC_WARN_64_TO_32_BIT_CONVERSION = YES;
				GCC_WARN_ABOUT_RETURN_TYPE = YES_ERROR;
				GCC_WARN_UNDECLARED_SELECTOR = YES;
				GCC_WARN_UNINITIALIZED_AUTOS = YES_AGGRESSIVE;
				GCC_WARN_UNUSED_FUNCTION = YES;
				GCC_WARN_UNUSED_VARIABLE = YES;
				IPHONEOS_DEPLOYMENT_TARGET = 8.3;
				MTL_ENABLE_DEBUG_INFO = YES;
				ONLY_ACTIVE_ARCH = YES;
				SDKROOT = iphoneos;
			};
			name = Debug;
		};
		EC7A91A61B33D3280074BCCE /* Release */ = {
			isa = XCBuildConfiguration;
			buildSettings = {
				ALWAYS_SEARCH_USER_PATHS = NO;
				CLANG_CXX_LANGUAGE_STANDARD = "gnu++0x";
				CLANG_CXX_LIBRARY = "libc++";
				CLANG_ENABLE_MODULES = YES;
				CLANG_ENABLE_OBJC_ARC = YES;
				CLANG_WARN_BOOL_CONVERSION = YES;
				CLANG_WARN_CONSTANT_CONVERSION = YES;
				CLANG_WARN_DIRECT_OBJC_ISA_USAGE = YES_ERROR;
				CLANG_WARN_EMPTY_BODY = YES;
				CLANG_WARN_ENUM_CONVERSION = YES;
				CLANG_WARN_INT_CONVERSION = YES;
				CLANG_WARN_OBJC_ROOT_CLASS = YES_ERROR;
				CLANG_WARN_UNREACHABLE_CODE = YES;
				CLANG_WARN__DUPLICATE_METHOD_MATCH = YES;
				"CODE_SIGN_IDENTITY[sdk=iphoneos*]" = "iPhone Developer";
				COPY_PHASE_STRIP = NO;
				DEBUG_INFORMATION_FORMAT = "dwarf-with-dsym";
				ENABLE_NS_ASSERTIONS = NO;
				ENABLE_STRICT_OBJC_MSGSEND = YES;
				GCC_C_LANGUAGE_STANDARD = gnu99;
				GCC_NO_COMMON_BLOCKS = YES;
				GCC_WARN_64_TO_32_BIT_CONVERSION = YES;
				GCC_WARN_ABOUT_RETURN_TYPE = YES_ERROR;
				GCC_WARN_UNDECLARED_SELECTOR = YES;
				GCC_WARN_UNINITIALIZED_AUTOS = YES_AGGRESSIVE;
				GCC_WARN_UNUSED_FUNCTION = YES;
				GCC_WARN_UNUSED_VARIABLE = YES;
				IPHONEOS_DEPLOYMENT_TARGET = 8.3;
				MTL_ENABLE_DEBUG_INFO = NO;
				SDKROOT = iphoneos;
				VALIDATE_PRODUCT = YES;
			};
			name = Release;
		};
		EC7A91A81B33D3280074BCCE /* Debug */ = {
			isa = XCBuildConfiguration;
			buildSettings = {
				ASSETCATALOG_COMPILER_APPICON_NAME = AppIcon;
				INFOPLIST_FILE = CalendarDemo/Info.plist;
				LD_RUNPATH_SEARCH_PATHS = "$(inherited) @executable_path/Frameworks";
				PRODUCT_NAME = "$(TARGET_NAME)";
			};
			name = Debug;
		};
		EC7A91A91B33D3280074BCCE /* Release */ = {
			isa = XCBuildConfiguration;
			buildSettings = {
				ASSETCATALOG_COMPILER_APPICON_NAME = AppIcon;
				INFOPLIST_FILE = CalendarDemo/Info.plist;
				LD_RUNPATH_SEARCH_PATHS = "$(inherited) @executable_path/Frameworks";
				PRODUCT_NAME = "$(TARGET_NAME)";
			};
			name = Release;
		};
		EC7A91AB1B33D3280074BCCE /* Debug */ = {
			isa = XCBuildConfiguration;
			buildSettings = {
				BUNDLE_LOADER = "$(TEST_HOST)";
				FRAMEWORK_SEARCH_PATHS = (
					"$(SDKROOT)/Developer/Library/Frameworks",
					"$(inherited)",
				);
				GCC_PREPROCESSOR_DEFINITIONS = (
					"DEBUG=1",
					"$(inherited)",
				);
				INFOPLIST_FILE = CalendarDemoTests/Info.plist;
				LD_RUNPATH_SEARCH_PATHS = "$(inherited) @executable_path/Frameworks @loader_path/Frameworks";
				PRODUCT_NAME = "$(TARGET_NAME)";
				TEST_HOST = "$(BUILT_PRODUCTS_DIR)/CalendarDemo.app/CalendarDemo";
			};
			name = Debug;
		};
		EC7A91AC1B33D3280074BCCE /* Release */ = {
			isa = XCBuildConfiguration;
			buildSettings = {
				BUNDLE_LOADER = "$(TEST_HOST)";
				FRAMEWORK_SEARCH_PATHS = (
					"$(SDKROOT)/Developer/Library/Frameworks",
					"$(inherited)",
				);
				INFOPLIST_FILE = CalendarDemoTests/Info.plist;
				LD_RUNPATH_SEARCH_PATHS = "$(inherited) @executable_path/Frameworks @loader_path/Frameworks";
				PRODUCT_NAME = "$(TARGET_NAME)";
				TEST_HOST = "$(BUILT_PRODUCTS_DIR)/CalendarDemo.app/CalendarDemo";
			};
			name = Release;
		};
/* End XCBuildConfiguration section */

/* Begin XCConfigurationList section */
		EC7A917F1B33D3280074BCCE /* Build configuration list for PBXProject "CalendarDemo" */ = {
			isa = XCConfigurationList;
			buildConfigurations = (
				EC7A91A51B33D3280074BCCE /* Debug */,
				EC7A91A61B33D3280074BCCE /* Release */,
			);
			defaultConfigurationIsVisible = 0;
			defaultConfigurationName = Release;
		};
		EC7A91A71B33D3280074BCCE /* Build configuration list for PBXNativeTarget "CalendarDemo" */ = {
			isa = XCConfigurationList;
			buildConfigurations = (
				EC7A91A81B33D3280074BCCE /* Debug */,
				EC7A91A91B33D3280074BCCE /* Release */,
			);
			defaultConfigurationIsVisible = 0;
		};
		EC7A91AA1B33D3280074BCCE /* Build configuration list for PBXNativeTarget "CalendarDemoTests" */ = {
			isa = XCConfigurationList;
			buildConfigurations = (
				EC7A91AB1B33D3280074BCCE /* Debug */,
				EC7A91AC1B33D3280074BCCE /* Release */,
			);
			defaultConfigurationIsVisible = 0;
		};
/* End XCConfigurationList section */
	};
	rootObject = EC7A917C1B33D3280074BCCE /* Project object */;
}
